
Microsoft Visual Studio Solution File, Format Version 12.00
# Visual Studio Version 16
VisualStudioVersion = 16.0.35229.62
MinimumVisualStudioVersion = 10.0.40219.1
Project("{FAE04EC0-301F-11D3-BF4B-00C04F79EFBC}") = "Bai1_C2", "Bai1_C2\Bai1_C2.csproj", "{E3589044-5621-4568-A621-5334F284C8D9}"
EndProject
Global
	GlobalSection(SolutionConfigurationPlatforms) = preSolution
		Debug|Any CPU = Debug|Any CPU
		Release|Any CPU = Release|Any CPU
	EndGlobalSection
	GlobalSection(ProjectConfigurationPlatforms) = postSolution
		{E3589044-5621-4568-A621-5334F284C8D9}.Debug|Any CPU.ActiveCfg = Debug|Any CPU
		{E3589044-5621-4568-A621-5334F284C8D9}.Debug|Any CPU.Build.0 = Debug|Any CPU
		{E3589044-5621-4568-A621-5334F284C8D9}.Release|Any CPU.ActiveCfg = Release|Any CPU
		{E3589044-5621-4568-A621-5334F284C8D9}.Release|Any CPU.Build.0 = Release|Any CPU
	EndGlobalSection
	GlobalSection(SolutionProperties) = preSolution
		HideSolutionNode = FALSE
	EndGlobalSection
	GlobalSection(ExtensibilityGlobals) = postSolution
		SolutionGuid = {C7CD1D24-5BF5-4D05-B1C4-4CF1487AC95E}
	EndGlobalSection
EndGlobal
