
Microsoft Visual Studio Solution File, Format Version 12.00
# Visual Studio Version 16
VisualStudioVersion = 16.0.35229.62
MinimumVisualStudioVersion = 10.0.40219.1
Project("{FAE04EC0-301F-11D3-BF4B-00C04F79EFBC}") = "Bai2_C2", "Bai2_C2\Bai2_C2.csproj", "{83B8CFDB-6781-48F8-AEAB-62CB9239F8E5}"
EndProject
Global
	GlobalSection(SolutionConfigurationPlatforms) = preSolution
		Debug|Any CPU = Debug|Any CPU
		Release|Any CPU = Release|Any CPU
	EndGlobalSection
	GlobalSection(ProjectConfigurationPlatforms) = postSolution
		{83B8CFDB-6781-48F8-AEAB-62CB9239F8E5}.Debug|Any CPU.ActiveCfg = Debug|Any CPU
		{83B8CFDB-6781-48F8-AEAB-62CB9239F8E5}.Debug|Any CPU.Build.0 = Debug|Any CPU
		{83B8CFDB-6781-48F8-AEAB-62CB9239F8E5}.Release|Any CPU.ActiveCfg = Release|Any CPU
		{83B8CFDB-6781-48F8-AEAB-62CB9239F8E5}.Release|Any CPU.Build.0 = Release|Any CPU
	EndGlobalSection
	GlobalSection(SolutionProperties) = preSolution
		HideSolutionNode = FALSE
	EndGlobalSection
	GlobalSection(ExtensibilityGlobals) = postSolution
		SolutionGuid = {6143CE37-FE84-48EE-9F49-AF0055B20E85}
	EndGlobalSection
EndGlobal
